
Microsoft Visual Studio Solution File, Format Version 12.00
# Visual Studio 2013
VisualStudioVersion = 12.0.21005.1
MinimumVisualStudioVersion = 10.0.40219.1
Project("{FAE04EC0-301F-11D3-BF4B-00C04F79EFBC}") = "Silent HTTP Host", "Silent HTTP Host\Silent HTTP Host.csproj", "{982A57C2-7326-4916-AC3B-409E6C23855E}"
	ProjectSection(ProjectDependencies) = postProject
		{59ADCDF2-E139-40D7-8862-629BE5F2DA68} = {59ADCDF2-E139-40D7-8862-629BE5F2DA68}
	EndProjectSection
EndProject
Project("{FAE04EC0-301F-11D3-BF4B-00C04F79EFBC}") = "JSON", "JSON\JSON.csproj", "{59ADCDF2-E139-40D7-8862-629BE5F2DA68}"
EndProject
Global
	GlobalSection(SolutionConfigurationPlatforms) = preSolution
		Debug|Any CPU = Debug|Any CPU
		Release|Any CPU = Release|Any CPU
	EndGlobalSection
	GlobalSection(ProjectConfigurationPlatforms) = postSolution
		{982A57C2-7326-4916-AC3B-409E6C23855E}.Debug|Any CPU.ActiveCfg = Debug|Any CPU
		{982A57C2-7326-4916-AC3B-409E6C23855E}.Debug|Any CPU.Build.0 = Debug|Any CPU
		{982A57C2-7326-4916-AC3B-409E6C23855E}.Release|Any CPU.ActiveCfg = Release|Any CPU
		{982A57C2-7326-4916-AC3B-409E6C23855E}.Release|Any CPU.Build.0 = Release|Any CPU
		{59ADCDF2-E139-40D7-8862-629BE5F2DA68}.Debug|Any CPU.ActiveCfg = Debug|Any CPU
		{59ADCDF2-E139-40D7-8862-629BE5F2DA68}.Debug|Any CPU.Build.0 = Debug|Any CPU
		{59ADCDF2-E139-40D7-8862-629BE5F2DA68}.Release|Any CPU.ActiveCfg = Release|Any CPU
		{59ADCDF2-E139-40D7-8862-629BE5F2DA68}.Release|Any CPU.Build.0 = Release|Any CPU
	EndGlobalSection
	GlobalSection(SolutionProperties) = preSolution
		HideSolutionNode = FALSE
	EndGlobalSection
EndGlobal
